// !$*UTF8*$!
{
	archiveVersion = 1;
	classes = {
	};
	objectVersion = 54;
	objects = {

/* Begin PBXBuildFile section */
		F61E6D652A3B7B4D00015202 /* AppDelegate.swift in Sources */ = {isa = PBXBuildFile; fileRef = F61E6D642A3B7B4D00015202 /* AppDelegate.swift */; };
		F61E6D672A3B7B4D00015202 /* SceneDelegate.swift in Sources */ = {isa = PBXBuildFile; fileRef = F61E6D662A3B7B4D00015202 /* SceneDelegate.swift */; };
		F61E6D692A3B7B4D00015202 /* ViewController.swift in Sources */ = {isa = PBXBuildFile; fileRef = F61E6D682A3B7B4D00015202 /* ViewController.swift */; };
		F61E6D6C2A3B7B4D00015202 /* Main.storyboard in Resources */ = {isa = PBXBuildFile; fileRef = F61E6D6A2A3B7B4D00015202 /* Main.storyboard */; };
		F61E6D6E2A3B7B5700015202 /* Assets.xcassets in Resources */ = {isa = PBXBuildFile; fileRef = F61E6D6D2A3B7B5700015202 /* Assets.xcassets */; };
		F61E6D712A3B7B5700015202 /* LaunchScreen.storyboard in Resources */ = {isa = PBXBuildFile; fileRef = F61E6D6F2A3B7B5700015202 /* LaunchScreen.storyboard */; };
/* End PBXBuildFile section */

/* Begin PBXFileReference section */
		F61E6D612A3B7B4D00015202 /* 8829569_Lab06.app */ = {isa = PBXFileReference; explicitFileType = wrapper.application; includeInIndex = 0; path = 8829569_Lab06.app; sourceTree = BUILT_PRODUCTS_DIR; };
		F61E6D642A3B7B4D00015202 /* AppDelegate.swift */ = {isa = PBXFileReference; lastKnownFileType = sourcecode.swift; path = AppDelegate.swift; sourceTree = "<group>"; };
		F61E6D662A3B7B4D00015202 /* SceneDelegate.swift */ = {isa = PBXFileReference; lastKnownFileType = sourcecode.swift; path = SceneDelegate.swift; sourceTree = "<group>"; };
		F61E6D682A3B7B4D00015202 /* ViewController.swift */ = {isa = PBXFileReference; lastKnownFileType = sourcecode.swift; path = ViewController.swift; sourceTree = "<group>"; };
		F61E6D6B2A3B7B4D00015202 /* Base */ = {isa = PBXFileReference; lastKnownFileType = file.storyboard; name = Base; path = Base.lproj/Main.storyboard; sourceTree = "<group>"; };
		F61E6D6D2A3B7B5700015202 /* Assets.xcassets */ = {isa = PBXFileReference; lastKnownFileType = folder.assetcatalog; path = Assets.xcassets; sourceTree = "<group>"; };
		F61E6D702A3B7B5700015202 /* Base */ = {isa = PBXFileReference; lastKnownFileType = file.storyboard; name = Base; path = Base.lproj/LaunchScreen.storyboard; sourceTree = "<group>"; };
		F61E6D722A3B7B5700015202 /* Info.plist */ = {isa = PBXFileReference; lastKnownFileType = text.plist.xml; path = Info.plist; sourceTree = "<group>"; };
/* End PBXFileReference section */

/* Begin PBXFrameworksBuildPhase section */
		F61E6D5E2A3B7B4D00015202 /* Frameworks */ = {
			isa = PBXFrameworksBuildPhase;
			buildActionMask = 2147483647;
			files = (
			);
			runOnlyForDeploymentPostprocessing = 0;
		};
/* End PBXFrameworksBuildPhase section */

/* Begin PBXGroup section */
		F61E6D582A3B7B4D00015202 = {
			isa = PBXGroup;
			children = (
				F61E6D632A3B7B4D00015202 /* 8829569_Lab06 */,
				F61E6D622A3B7B4D00015202 /* Products */,
			);
			sourceTree = "<group>";
		};
		F61E6D622A3B7B4D00015202 /* Products */ = {
			isa = PBXGroup;
			children = (
				F61E6D612A3B7B4D00015202 /* 8829569_Lab06.app */,
			);
			name = Products;
			sourceTree = "<group>";
		};
		F61E6D632A3B7B4D00015202 /* 8829569_Lab06 */ = {
			isa = PBXGroup;
			children = (
				F61E6D642A3B7B4D00015202 /* AppDelegate.swift */,
				F61E6D662A3B7B4D00015202 /* SceneDelegate.swift */,
				F61E6D682A3B7B4D00015202 /* ViewController.swift */,
				F61E6D6A2A3B7B4D00015202 /* Main.storyboard */,
				F61E6D6D2A3B7B5700015202 /* Assets.xcassets */,
				F61E6D6F2A3B7B5700015202 /* LaunchScreen.storyboard */,
				F61E6D722A3B7B5700015202 /* Info.plist */,
			);
			path = 8829569_Lab06;
			sourceTree = "<group>";
		};
/* End PBXGroup section */

/* Begin PBXNativeTarget section */
		F61E6D602A3B7B4D00015202 /* 8829569_Lab06 */ = {
			isa = PBXNativeTarget;
			buildConfigurationList = F61E6D752A3B7B5700015202 /* Build configuration list for PBXNativeTarget "8829569_Lab06" */;
			buildPhases = (
				F61E6D5D2A3B7B4D00015202 /* Sources */,
				F61E6D5E2A3B7B4D00015202 /* Frameworks */,
				F61E6D5F2A3B7B4D00015202 /* Resources */,
			);
			buildRules = (
			);
			dependencies = (
			);
			name = 8829569_Lab06;
			productName = 8829569_Lab06;
			productReference = F61E6D612A3B7B4D00015202 /* 8829569_Lab06.app */;
			productType = "com.apple.product-type.application";
		};
/* End PBXNativeTarget section */

/* Begin PBXProject section */
		F61E6D592A3B7B4D00015202 /* Project object */ = {
			isa = PBXProject;
			attributes = {
				LastSwiftUpdateCheck = 1240;
				LastUpgradeCheck = 1240;
				TargetAttributes = {
					F61E6D602A3B7B4D00015202 = {
						CreatedOnToolsVersion = 12.4;
					};
				};
			};
			buildConfigurationList = F61E6D5C2A3B7B4D00015202 /* Build configuration list for PBXProject "8829569_Lab06" */;
			compatibilityVersion = "Xcode 12.0";
			developmentRegion = en;
			hasScannedForEncodings = 0;
			knownRegions = (
				en,
				Base,
			);
			mainGroup = F61E6D582A3B7B4D00015202;
			productRefGroup = F61E6D622A3B7B4D00015202 /* Products */;
			projectDirPath = "";
			projectRoot = "";
			targets = (
				F61E6D602A3B7B4D00015202 /* 8829569_Lab06 */,
			);
		};
/* End PBXProject section */

/* Begin PBXResourcesBuildPhase section */
		F61E6D5F2A3B7B4D00015202 /* Resources */ = {
			isa = PBXResourcesBuildPhase;
			buildActionMask = 2147483647;
			files = (
				F61E6D712A3B7B5700015202 /* LaunchScreen.storyboard in Resources */,
				F61E6D6E2A3B7B5700015202 /* Assets.xcassets in Resources */,
				F61E6D6C2A3B7B4D00015202 /* Main.storyboard in Resources */,
			);
			runOnlyForDeploymentPostprocessing = 0;
		};
/* End PBXResourcesBuildPhase section */

/* Begin PBXSourcesBuildPhase section */
		F61E6D5D2A3B7B4D00015202 /* Sources */ = {
			isa = PBXSourcesBuildPhase;
			buildActionMask = 2147483647;
			files = (
				F61E6D692A3B7B4D00015202 /* ViewController.swift in Sources */,
				F61E6D652A3B7B4D00015202 /* AppDelegate.swift in Sources */,
				F61E6D672A3B7B4D00015202 /* SceneDelegate.swift in Sources */,
			);
			runOnlyForDeploymentPostprocessing = 0;
		};
/* End PBXSourcesBuildPhase section */

/* Begin PBXVariantGroup section */
		F61E6D6A2A3B7B4D00015202 /* Main.storyboard */ = {
			isa = PBXVariantGroup;
			children = (
				F61E6D6B2A3B7B4D00015202 /* Base */,
			);
			name = Main.storyboard;
			sourceTree = "<group>";
		};
		F61E6D6F2A3B7B5700015202 /* LaunchScreen.storyboard */ = {
			isa = PBXVariantGroup;
			children = (
				F61E6D702A3B7B5700015202 /* Base */,
			);
			name = LaunchScreen.storyboard;
			sourceTree = "<group>";
		};
/* End PBXVariantGroup section */

/* Begin XCBuildConfiguration section */
		F61E6D732A3B7B5700015202 /* Debug */ = {
			isa = XCBuildConfiguration;
			buildSettings = {
				ALWAYS_SEARCH_USER_PATHS = NO;
				CLANG_ANALYZER_NONNULL = YES;
				CLANG_ANALYZER_NUMBER_OBJECT_CONVERSION = YES_AGGRESSIVE;
				CLANG_CXX_LANGUAGE_STANDARD = "gnu++14";
				CLANG_CXX_LIBRARY = "libc++";
				CLANG_ENABLE_MODULES = YES;
				CLANG_ENABLE_OBJC_ARC = YES;
				CLANG_ENABLE_OBJC_WEAK = YES;
				CLANG_WARN_BLOCK_CAPTURE_AUTORELEASING = YES;
				CLANG_WARN_BOOL_CONVERSION = YES;
				CLANG_WARN_COMMA = YES;
				CLANG_WARN_CONSTANT_CONVERSION = YES;
				CLANG_WARN_DEPRECATED_OBJC_IMPLEMENTATIONS = YES;
				CLANG_WARN_DIRECT_OBJC_ISA_USAGE = YES_ERROR;
				CLANG_WARN_DOCUMENTATION_COMMENTS = YES;
				CLANG_WARN_EMPTY_BODY = YES;
				CLANG_WARN_ENUM_CONVERSION = YES;
				CLANG_WARN_INFINITE_RECURSION = YES;
				CLANG_WARN_INT_CONVERSION = YES;
				CLANG_WARN_NON_LITERAL_NULL_CONVERSION = YES;
				CLANG_WARN_OBJC_IMPLICIT_RETAIN_SELF = YES;
				CLANG_WARN_OBJC_LITERAL_CONVERSION = YES;
				CLANG_WARN_OBJC_ROOT_CLASS = YES_ERROR;
				CLANG_WARN_QUOTED_INCLUDE_IN_FRAMEWORK_HEADER = YES;
				CLANG_WARN_RANGE_LOOP_ANALYSIS = YES;
				CLANG_WARN_STRICT_PROTOTYPES = YES;
				CLANG_WARN_SUSPICIOUS_MOVE = YES;
				CLANG_WARN_UNGUARDED_AVAILABILITY = YES_AGGRESSIVE;
				CLANG_WARN_UNREACHABLE_CODE = YES;
				CLANG_WARN__DUPLICATE_METHOD_MATCH = YES;
				COPY_PHASE_STRIP = NO;
				DEBUG_INFORMATION_FORMAT = dwarf;
				ENABLE_STRICT_OBJC_MSGSEND = YES;
				ENABLE_TESTABILITY = YES;
				GCC_C_LANGUAGE_STANDARD = gnu11;
				GCC_DYNAMIC_NO_PIC = NO;
				GCC_NO_COMMON_BLOCKS = YES;
				GCC_OPTIMIZATION_LEVEL = 0;
				GCC_PREPROCESSOR_DEFINITIONS = (
					"DEBUG=1",
					"$(inherited)",
				);
				GCC_WARN_64_TO_32_BIT_CONVERSION = YES;
				GCC_WARN_ABOUT_RETURN_TYPE = YES_ERROR;
				GCC_WARN_UNDECLARED_SELECTOR = YES;
				GCC_WARN_UNINITIALIZED_AUTOS = YES_AGGRESSIVE;
				GCC_WARN_UNUSED_FUNCTION = YES;
				GCC_WARN_UNUSED_VARIABLE = YES;
				IPHONEOS_DEPLOYMENT_TARGET = 14.4;
				MTL_ENABLE_DEBUG_INFO = INCLUDE_SOURCE;
				MTL_FAST_MATH = YES;
				ONLY_ACTIVE_ARCH = YES;
				SDKROOT = iphoneos;
				SWIFT_ACTIVE_COMPILATION_CONDITIONS = DEBUG;
				SWIFT_OPTIMIZATION_LEVEL = "-Onone";
			};
			name = Debug;
		};
		F61E6D742A3B7B5700015202 /* Release */ = {
			isa = XCBuildConfiguration;
			buildSettings = {
				ALWAYS_SEARCH_USER_PATHS = NO;
				CLANG_ANALYZER_NONNULL = YES;
				CLANG_ANALYZER_NUMBER_OBJECT_CONVERSION = YES_AGGRESSIVE;
				CLANG_CXX_LANGUAGE_STANDARD = "gnu++14";
				CLANG_CXX_LIBRARY = "libc++";
				CLANG_ENABLE_MODULES = YES;
				CLANG_ENABLE_OBJC_ARC = YES;
				CLANG_ENABLE_OBJC_WEAK = YES;
				CLANG_WARN_BLOCK_CAPTURE_AUTORELEASING = YES;
				CLANG_WARN_BOOL_CONVERSION = YES;
				CLANG_WARN_COMMA = YES;
				CLANG_WARN_CONSTANT_CONVERSION = YES;
				CLANG_WARN_DEPRECATED_OBJC_IMPLEMENTATIONS = YES;
				CLANG_WARN_DIRECT_OBJC_ISA_USAGE = YES_ERROR;
				CLANG_WARN_DOCUMENTATION_COMMENTS = YES;
				CLANG_WARN_EMPTY_BODY = YES;
				CLANG_WARN_ENUM_CONVERSION = YES;
				CLANG_WARN_INFINITE_RECURSION = YES;
				CLANG_WARN_INT_CONVERSION = YES;
				CLANG_WARN_NON_LITERAL_NULL_CONVERSION = YES;
				CLANG_WARN_OBJC_IMPLICIT_RETAIN_SELF = YES;
				CLANG_WARN_OBJC_LITERAL_CONVERSION = YES;
				CLANG_WARN_OBJC_ROOT_CLASS = YES_ERROR;
				CLANG_WARN_QUOTED_INCLUDE_IN_FRAMEWORK_HEADER = YES;
				CLANG_WARN_RANGE_LOOP_ANALYSIS = YES;
				CLANG_WARN_STRICT_PROTOTYPES = YES;
				CLANG_WARN_SUSPICIOUS_MOVE = YES;
				CLANG_WARN_UNGUARDED_AVAILABILITY = YES_AGGRESSIVE;
				CLANG_WARN_UNREACHABLE_CODE = YES;
				CLANG_WARN__DUPLICATE_METHOD_MATCH = YES;
				COPY_PHASE_STRIP = NO;
				DEBUG_INFORMATION_FORMAT = "dwarf-with-dsym";
				ENABLE_NS_ASSERTIONS = NO;
				ENABLE_STRICT_OBJC_MSGSEND = YES;
				GCC_C_LANGUAGE_STANDARD = gnu11;
				GCC_NO_COMMON_BLOCKS = YES;
				GCC_WARN_64_TO_32_BIT_CONVERSION = YES;
				GCC_WARN_ABOUT_RETURN_TYPE = YES_ERROR;
				GCC_WARN_UNDECLARED_SELECTOR = YES;
				GCC_WARN_UNINITIALIZED_AUTOS = YES_AGGRESSIVE;
				GCC_WARN_UNUSED_FUNCTION = YES;
				GCC_WARN_UNUSED_VARIABLE = YES;
				IPHONEOS_DEPLOYMENT_TARGET = 14.4;
				MTL_ENABLE_DEBUG_INFO = NO;
				MTL_FAST_MATH = YES;
				SDKROOT = iphoneos;
				SWIFT_COMPILATION_MODE = wholemodule;
				SWIFT_OPTIMIZATION_LEVEL = "-O";
				VALIDATE_PRODUCT = YES;
			};
			name = Release;
		};
		F61E6D762A3B7B5700015202 /* Debug */ = {
			isa = XCBuildConfiguration;
			buildSettings = {
				ASSETCATALOG_COMPILER_APPICON_NAME = AppIcon;
				ASSETCATALOG_COMPILER_GLOBAL_ACCENT_COLOR_NAME = AccentColor;
				CODE_SIGN_STYLE = Automatic;
				INFOPLIST_FILE = 8829569_Lab06/Info.plist;
				LD_RUNPATH_SEARCH_PATHS = (
					"$(inherited)",
					"@executable_path/Frameworks",
				);
				PRODUCT_BUNDLE_IDENTIFIER = "8829569-Lab06";
				PRODUCT_NAME = "$(TARGET_NAME)";
				SWIFT_VERSION = 5.0;
				TARGETED_DEVICE_FAMILY = 1;
			};
			name = Debug;
		};
		F61E6D772A3B7B5700015202 /* Release */ = {
			isa = XCBuildConfiguration;
			buildSettings = {
				ASSETCATALOG_COMPILER_APPICON_NAME = AppIcon;
				ASSETCATALOG_COMPILER_GLOBAL_ACCENT_COLOR_NAME = AccentColor;
				CODE_SIGN_STYLE = Automatic;
				INFOPLIST_FILE = 8829569_Lab06/Info.plist;
				LD_RUNPATH_SEARCH_PATHS = (
					"$(inherited)",
					"@executable_path/Frameworks",
				);
				PRODUCT_BUNDLE_IDENTIFIER = "8829569-Lab06";
				PRODUCT_NAME = "$(TARGET_NAME)";
				SWIFT_VERSION = 5.0;
				TARGETED_DEVICE_FAMILY = 1;
			};
			name = Release;
		};
/* End XCBuildConfiguration section */

/* Begin XCConfigurationList section */
		F61E6D5C2A3B7B4D00015202 /* Build configuration list for PBXProject "8829569_Lab06" */ = {
			isa = XCConfigurationList;
			buildConfigurations = (
				F61E6D732A3B7B5700015202 /* Debug */,
				F61E6D742A3B7B5700015202 /* Release */,
			);
			defaultConfigurationIsVisible = 0;
			defaultConfigurationName = Release;
		};
		F61E6D752A3B7B5700015202 /* Build configuration list for PBXNativeTarget "8829569_Lab06" */ = {
			isa = XCConfigurationList;
			buildConfigurations = (
				F61E6D762A3B7B5700015202 /* Debug */,
				F61E6D772A3B7B5700015202 /* Release */,
			);
			defaultConfigurationIsVisible = 0;
			defaultConfigurationName = Release;
		};
/* End XCConfigurationList section */
	};
	rootObject = F61E6D592A3B7B4D00015202 /* Project object */;
}
